
Microsoft Visual Studio Solution File, Format Version 12.00
# Visual Studio 2012
Project("{FAE04EC0-301F-11D3-BF4B-00C04F79EFBC}") = "Ultrasound_reg", "Ultrasound_reg\Ultrasound_reg.csproj", "{6949143F-8F52-4D65-88ED-D68B8722B717}"
EndProject
Global
	GlobalSection(SolutionConfigurationPlatforms) = preSolution
		Debug|Any CPU = Debug|Any CPU
		Release|Any CPU = Release|Any CPU
	EndGlobalSection
	GlobalSection(ProjectConfigurationPlatforms) = postSolution
		{6949143F-8F52-4D65-88ED-D68B8722B717}.Debug|Any CPU.ActiveCfg = Debug|Any CPU
		{6949143F-8F52-4D65-88ED-D68B8722B717}.Debug|Any CPU.Build.0 = Debug|Any CPU
		{6949143F-8F52-4D65-88ED-D68B8722B717}.Release|Any CPU.ActiveCfg = Release|Any CPU
		{6949143F-8F52-4D65-88ED-D68B8722B717}.Release|Any CPU.Build.0 = Release|Any CPU
	EndGlobalSection
	GlobalSection(SolutionProperties) = preSolution
		HideSolutionNode = FALSE
	EndGlobalSection
EndGlobal
